
Microsoft Visual Studio Solution File, Format Version 12.00
# Visual Studio Version 16
VisualStudioVersion = 25.0.1704.1
MinimumVisualStudioVersion = 10.0.40219.1
Project("{FAE04EC0-301F-11D3-BF4B-00C04F79EFBC}") = "MovieApp.NETCore", "MovieApp.NETCore.csproj", "{5818B68F-C31C-46D0-9C5C-9A87A65DA6AD}"
EndProject
Global
	GlobalSection(SolutionConfigurationPlatforms) = preSolution
		Debug|Any CPU = Debug|Any CPU
		Release|Any CPU = Release|Any CPU
	EndGlobalSection
	GlobalSection(ProjectConfigurationPlatforms) = postSolution
		{5818B68F-C31C-46D0-9C5C-9A87A65DA6AD}.Debug|Any CPU.ActiveCfg = Debug|Any CPU
		{5818B68F-C31C-46D0-9C5C-9A87A65DA6AD}.Debug|Any CPU.Build.0 = Debug|Any CPU
		{5818B68F-C31C-46D0-9C5C-9A87A65DA6AD}.Release|Any CPU.ActiveCfg = Release|Any CPU
		{5818B68F-C31C-46D0-9C5C-9A87A65DA6AD}.Release|Any CPU.Build.0 = Release|Any CPU
	EndGlobalSection
	GlobalSection(SolutionProperties) = preSolution
		HideSolutionNode = FALSE
	EndGlobalSection
	GlobalSection(ExtensibilityGlobals) = postSolution
		SolutionGuid = {980013EB-1F46-476B-A537-F0AE50DD3327}
	EndGlobalSection
EndGlobal
